
Microsoft Visual Studio Solution File, Format Version 12.00
# Visual Studio Version 16
VisualStudioVersion = 16.0.31321.278
MinimumVisualStudioVersion = 10.0.40219.1
Project("{FAE04EC0-301F-11D3-BF4B-00C04F79EFBC}") = "Generics", "Generics\Generics.csproj", "{2C3018A8-632A-4AEB-9FFE-8A1A3460E7A2}"
EndProject
Global
	GlobalSection(SolutionConfigurationPlatforms) = preSolution
		Debug|Any CPU = Debug|Any CPU
		Release|Any CPU = Release|Any CPU
	EndGlobalSection
	GlobalSection(ProjectConfigurationPlatforms) = postSolution
		{2C3018A8-632A-4AEB-9FFE-8A1A3460E7A2}.Debug|Any CPU.ActiveCfg = Debug|Any CPU
		{2C3018A8-632A-4AEB-9FFE-8A1A3460E7A2}.Debug|Any CPU.Build.0 = Debug|Any CPU
		{2C3018A8-632A-4AEB-9FFE-8A1A3460E7A2}.Release|Any CPU.ActiveCfg = Release|Any CPU
		{2C3018A8-632A-4AEB-9FFE-8A1A3460E7A2}.Release|Any CPU.Build.0 = Release|Any CPU
	EndGlobalSection
	GlobalSection(SolutionProperties) = preSolution
		HideSolutionNode = FALSE
	EndGlobalSection
	GlobalSection(ExtensibilityGlobals) = postSolution
		SolutionGuid = {A3DF27D9-FC00-4AEC-BECC-4C0C3C977EB5}
	EndGlobalSection
EndGlobal
